{
  "nodes": {
    "flake-utils": {
      "locked": {
        "lastModified": 1596290160,
        "narHash": "sha256-QNXPeCiLKfLH6G6TtyuxZ14Zm+ZMxBaQ0Klccq+2RfM=",
        "owner": "numtide",
        "repo": "flake-utils",
        "rev": "0c686c77c4ac6f7add3262107685693ada8ae3b0",
        "type": "github"
      },
      "original": {
        "owner": "numtide",
        "repo": "flake-utils",
        "type": "github"
      }
    },
    "nix-misc": {
      "inputs": {
        "nixpkgs": [
          "nixpkgs"
        ]
      },
      "locked": {
        "lastModified": 1596783463,
        "narHash": "sha256-Fucbc/QUYrDBFRo1aau59Qe8feHhru76vaNLWpWQelI=",
        "owner": "johnae",
        "repo": "nix-misc",
        "rev": "0da4fdf62e9273205c8c773101ad36fc67215d87",
        "type": "github"
      },
      "original": {
        "owner": "johnae",
        "repo": "nix-misc",
        "type": "github"
      }
    },
    "nixkite": {
      "inputs": {
        "flake-utils": [
          "flake-utils"
        ],
        "nixpkgs": [
          "nixpkgs"
        ]
      },
      "locked": {
        "lastModified": 1596745808,
        "narHash": "sha256-Pa4vjSAe8GEzlTC1NJHfyeZ+KO/A9XQCk1K2RkYXlJU=",
        "owner": "johnae",
        "repo": "nixkite",
        "rev": "3d72cbf47fc1a7bf95251782c83b28269802f894",
        "type": "github"
      },
      "original": {
        "owner": "johnae",
        "ref": "flakes",
        "repo": "nixkite",
        "type": "github"
      }
    },
    "nixpkgs": {
      "locked": {
        "lastModified": 1596615455,
        "narHash": "sha256-qOp3QRL7dUbN+Kus7tReThC5ZuIqG9fy7/nkqlO78n8=",
        "path": "/nix/store/17457fc7h1d2z9ivm458xvka6nq6lv0n-source",
        "rev": "8e2b14aceb1d40c7e8b84c03a7c78955359872bb",
        "type": "path"
      },
      "original": {
        "id": "nixpkgs",
        "type": "indirect"
      }
    },
    "root": {
      "inputs": {
        "flake-utils": "flake-utils",
        "nix-misc": "nix-misc",
        "nixkite": "nixkite",
        "nixpkgs": "nixpkgs"
      }
    }
  },
  "root": "root",
  "version": 7
}
